
Microsoft Visual Studio Solution File, Format Version 12.00
# Visual Studio 14
VisualStudioVersion = 14.0.25420.1
MinimumVisualStudioVersion = 10.0.40219.1
Project("{FAE04EC0-301F-11D3-BF4B-00C04F79EFBC}") = "Minesweeper fix", "Minesweeper fix\Minesweeper fix.csproj", "{F82B3259-6FDE-4F5A-BA6E-A5240EA39DCA}"
EndProject
Project("{FAE04EC0-301F-11D3-BF4B-00C04F79EFBC}") = "MineSweeper", "..\..\v2\MineSweeper\MineSweeper.csproj", "{77C8CDC7-FF1C-450B-9C57-673AE5E32117}"
EndProject
Global
	GlobalSection(SolutionConfigurationPlatforms) = preSolution
		Debug|Any CPU = Debug|Any CPU
		Release|Any CPU = Release|Any CPU
	EndGlobalSection
	GlobalSection(ProjectConfigurationPlatforms) = postSolution
		{F82B3259-6FDE-4F5A-BA6E-A5240EA39DCA}.Debug|Any CPU.ActiveCfg = Debug|Any CPU
		{F82B3259-6FDE-4F5A-BA6E-A5240EA39DCA}.Debug|Any CPU.Build.0 = Debug|Any CPU
		{F82B3259-6FDE-4F5A-BA6E-A5240EA39DCA}.Release|Any CPU.ActiveCfg = Release|Any CPU
		{F82B3259-6FDE-4F5A-BA6E-A5240EA39DCA}.Release|Any CPU.Build.0 = Release|Any CPU
		{77C8CDC7-FF1C-450B-9C57-673AE5E32117}.Debug|Any CPU.ActiveCfg = Debug|Any CPU
		{77C8CDC7-FF1C-450B-9C57-673AE5E32117}.Debug|Any CPU.Build.0 = Debug|Any CPU
		{77C8CDC7-FF1C-450B-9C57-673AE5E32117}.Release|Any CPU.ActiveCfg = Release|Any CPU
		{77C8CDC7-FF1C-450B-9C57-673AE5E32117}.Release|Any CPU.Build.0 = Release|Any CPU
	EndGlobalSection
	GlobalSection(SolutionProperties) = preSolution
		HideSolutionNode = FALSE
	EndGlobalSection
EndGlobal
